// !$*UTF8*$!
{
	archiveVersion = 1;
	classes = {
	};
	objectVersion = 46;
	objects = {

/* Begin PBXBuildFile section */
		4B11EB2D1D8F7D7E00B74199 /* SettingsViewController.swift in Sources */ = {isa = PBXBuildFile; fileRef = 4B11EB2C1D8F7D7E00B74199 /* SettingsViewController.swift */; };
		4B2C330A1D903C240024D7AB /* CalculatorModel.swift in Sources */ = {isa = PBXBuildFile; fileRef = 4B2C33091D903C240024D7AB /* CalculatorModel.swift */; };
		4B7C00011D89E03200D81553 /* Main.storyboard in Resources */ = {isa = PBXBuildFile; fileRef = 4B7CFFFF1D89E03200D81553 /* Main.storyboard */; };
		4B7C00031D89E03200D81553 /* Assets.xcassets in Resources */ = {isa = PBXBuildFile; fileRef = 4B7C00021D89E03200D81553 /* Assets.xcassets */; };
		4B7C00061D89E03200D81553 /* LaunchScreen.storyboard in Resources */ = {isa = PBXBuildFile; fileRef = 4B7C00041D89E03200D81553 /* LaunchScreen.storyboard */; };
		4B7C00111D89E03200D81553 /* TipzTests.swift in Sources */ = {isa = PBXBuildFile; fileRef = 4B7C00101D89E03200D81553 /* TipzTests.swift */; };
		4B7C001C1D89E03200D81553 /* TipzUITests.swift in Sources */ = {isa = PBXBuildFile; fileRef = 4B7C001B1D89E03200D81553 /* TipzUITests.swift */; };
		4B7CFFFC1D89E03100D81553 /* AppDelegate.swift in Sources */ = {isa = PBXBuildFile; fileRef = 4B7CFFFB1D89E03100D81553 /* AppDelegate.swift */; };
		4B7CFFFE1D89E03100D81553 /* ViewController.swift in Sources */ = {isa = PBXBuildFile; fileRef = 4B7CFFFD1D89E03100D81553 /* ViewController.swift */; };
/* End PBXBuildFile section */

/* Begin PBXContainerItemProxy section */
		4B7C000D1D89E03200D81553 /* PBXContainerItemProxy */ = {
			isa = PBXContainerItemProxy;
			containerPortal = 4B7CFFF01D89E03100D81553 /* Project object */;
			proxyType = 1;
			remoteGlobalIDString = 4B7CFFF71D89E03100D81553;
			remoteInfo = Tipz;
		};
		4B7C00181D89E03200D81553 /* PBXContainerItemProxy */ = {
			isa = PBXContainerItemProxy;
			containerPortal = 4B7CFFF01D89E03100D81553 /* Project object */;
			proxyType = 1;
			remoteGlobalIDString = 4B7CFFF71D89E03100D81553;
			remoteInfo = Tipz;
		};
/* End PBXContainerItemProxy section */

/* Begin PBXFileReference section */
		4B11EB2C1D8F7D7E00B74199 /* SettingsViewController.swift */ = {isa = PBXFileReference; fileEncoding = 4; lastKnownFileType = sourcecode.swift; name = SettingsViewController.swift; path = ../SettingsViewController.swift; sourceTree = "<group>"; };
		4B2C33091D903C240024D7AB /* CalculatorModel.swift */ = {isa = PBXFileReference; fileEncoding = 4; lastKnownFileType = sourcecode.swift; path = CalculatorModel.swift; sourceTree = "<group>"; };
		4B7C00001D89E03200D81553 /* Base */ = {isa = PBXFileReference; lastKnownFileType = file.storyboard; name = Base; path = Base.lproj/Main.storyboard; sourceTree = "<group>"; };
		4B7C00021D89E03200D81553 /* Assets.xcassets */ = {isa = PBXFileReference; lastKnownFileType = folder.assetcatalog; path = Assets.xcassets; sourceTree = "<group>"; };
		4B7C00051D89E03200D81553 /* Base */ = {isa = PBXFileReference; lastKnownFileType = file.storyboard; name = Base; path = Base.lproj/LaunchScreen.storyboard; sourceTree = "<group>"; };
		4B7C00071D89E03200D81553 /* Info.plist */ = {isa = PBXFileReference; lastKnownFileType = text.plist.xml; path = Info.plist; sourceTree = "<group>"; };
		4B7C000C1D89E03200D81553 /* TipzTests.xctest */ = {isa = PBXFileReference; explicitFileType = wrapper.cfbundle; includeInIndex = 0; path = TipzTests.xctest; sourceTree = BUILT_PRODUCTS_DIR; };
		4B7C00101D89E03200D81553 /* TipzTests.swift */ = {isa = PBXFileReference; lastKnownFileType = sourcecode.swift; path = TipzTests.swift; sourceTree = "<group>"; };
		4B7C00121D89E03200D81553 /* Info.plist */ = {isa = PBXFileReference; lastKnownFileType = text.plist.xml; path = Info.plist; sourceTree = "<group>"; };
		4B7C00171D89E03200D81553 /* TipzUITests.xctest */ = {isa = PBXFileReference; explicitFileType = wrapper.cfbundle; includeInIndex = 0; path = TipzUITests.xctest; sourceTree = BUILT_PRODUCTS_DIR; };
		4B7C001B1D89E03200D81553 /* TipzUITests.swift */ = {isa = PBXFileReference; lastKnownFileType = sourcecode.swift; path = TipzUITests.swift; sourceTree = "<group>"; };
		4B7C001D1D89E03200D81553 /* Info.plist */ = {isa = PBXFileReference; lastKnownFileType = text.plist.xml; path = Info.plist; sourceTree = "<group>"; };
		4B7CFFF81D89E03100D81553 /* Tipz.app */ = {isa = PBXFileReference; explicitFileType = wrapper.application; includeInIndex = 0; path = Tipz.app; sourceTree = BUILT_PRODUCTS_DIR; };
		4B7CFFFB1D89E03100D81553 /* AppDelegate.swift */ = {isa = PBXFileReference; lastKnownFileType = sourcecode.swift; path = AppDelegate.swift; sourceTree = "<group>"; };
		4B7CFFFD1D89E03100D81553 /* ViewController.swift */ = {isa = PBXFileReference; lastKnownFileType = sourcecode.swift; path = ViewController.swift; sourceTree = "<group>"; };
/* End PBXFileReference section */

/* Begin PBXFrameworksBuildPhase section */
		4B7C00091D89E03200D81553 /* Frameworks */ = {
			isa = PBXFrameworksBuildPhase;
			buildActionMask = 2147483647;
			files = (
			);
			runOnlyForDeploymentPostprocessing = 0;
		};
		4B7C00141D89E03200D81553 /* Frameworks */ = {
			isa = PBXFrameworksBuildPhase;
			buildActionMask = 2147483647;
			files = (
			);
			runOnlyForDeploymentPostprocessing = 0;
		};
		4B7CFFF51D89E03100D81553 /* Frameworks */ = {
			isa = PBXFrameworksBuildPhase;
			buildActionMask = 2147483647;
			files = (
			);
			runOnlyForDeploymentPostprocessing = 0;
		};
/* End PBXFrameworksBuildPhase section */

/* Begin PBXGroup section */
		4B7C000F1D89E03200D81553 /* TipzTests */ = {
			isa = PBXGroup;
			children = (
				4B7C00101D89E03200D81553 /* TipzTests.swift */,
				4B7C00121D89E03200D81553 /* Info.plist */,
			);
			path = TipzTests;
			sourceTree = "<group>";
		};
		4B7C001A1D89E03200D81553 /* TipzUITests */ = {
			isa = PBXGroup;
			children = (
				4B7C001B1D89E03200D81553 /* TipzUITests.swift */,
				4B7C001D1D89E03200D81553 /* Info.plist */,
			);
			path = TipzUITests;
			sourceTree = "<group>";
		};
		4B7CFFEF1D89E03100D81553 = {
			isa = PBXGroup;
			children = (
				4B7CFFFA1D89E03100D81553 /* Tipz */,
				4B7C000F1D89E03200D81553 /* TipzTests */,
				4B7C001A1D89E03200D81553 /* TipzUITests */,
				4B7CFFF91D89E03100D81553 /* Products */,
			);
			sourceTree = "<group>";
		};
		4B7CFFF91D89E03100D81553 /* Products */ = {
			isa = PBXGroup;
			children = (
				4B7CFFF81D89E03100D81553 /* Tipz.app */,
				4B7C000C1D89E03200D81553 /* TipzTests.xctest */,
				4B7C00171D89E03200D81553 /* TipzUITests.xctest */,
			);
			name = Products;
			sourceTree = "<group>";
		};
		4B7CFFFA1D89E03100D81553 /* Tipz */ = {
			isa = PBXGroup;
			children = (
				4B11EB2C1D8F7D7E00B74199 /* SettingsViewController.swift */,
				4B7CFFFB1D89E03100D81553 /* AppDelegate.swift */,
				4B7CFFFD1D89E03100D81553 /* ViewController.swift */,
				4B7CFFFF1D89E03200D81553 /* Main.storyboard */,
				4B7C00021D89E03200D81553 /* Assets.xcassets */,
				4B2C33091D903C240024D7AB /* CalculatorModel.swift */,
				4B7C00041D89E03200D81553 /* LaunchScreen.storyboard */,
				4B7C00071D89E03200D81553 /* Info.plist */,
			);
			path = Tipz;
			sourceTree = "<group>";
		};
/* End PBXGroup section */

/* Begin PBXNativeTarget section */
		4B7C000B1D89E03200D81553 /* TipzTests */ = {
			isa = PBXNativeTarget;
			buildConfigurationList = 4B7C00231D89E03200D81553 /* Build configuration list for PBXNativeTarget "TipzTests" */;
			buildPhases = (
				4B7C00081D89E03200D81553 /* Sources */,
				4B7C00091D89E03200D81553 /* Frameworks */,
				4B7C000A1D89E03200D81553 /* Resources */,
			);
			buildRules = (
			);
			dependencies = (
				4B7C000E1D89E03200D81553 /* PBXTargetDependency */,
			);
			name = TipzTests;
			productName = TipzTests;
			productReference = 4B7C000C1D89E03200D81553 /* TipzTests.xctest */;
			productType = "com.apple.product-type.bundle.unit-test";
		};
		4B7C00161D89E03200D81553 /* TipzUITests */ = {
			isa = PBXNativeTarget;
			buildConfigurationList = 4B7C00261D89E03200D81553 /* Build configuration list for PBXNativeTarget "TipzUITests" */;
			buildPhases = (
				4B7C00131D89E03200D81553 /* Sources */,
				4B7C00141D89E03200D81553 /* Frameworks */,
				4B7C00151D89E03200D81553 /* Resources */,
			);
			buildRules = (
			);
			dependencies = (
				4B7C00191D89E03200D81553 /* PBXTargetDependency */,
			);
			name = TipzUITests;
			productName = TipzUITests;
			productReference = 4B7C00171D89E03200D81553 /* TipzUITests.xctest */;
			productType = "com.apple.product-type.bundle.ui-testing";
		};
		4B7CFFF71D89E03100D81553 /* Tipz */ = {
			isa = PBXNativeTarget;
			buildConfigurationList = 4B7C00201D89E03200D81553 /* Build configuration list for PBXNativeTarget "Tipz" */;
			buildPhases = (
				4B7CFFF41D89E03100D81553 /* Sources */,
				4B7CFFF51D89E03100D81553 /* Frameworks */,
				4B7CFFF61D89E03100D81553 /* Resources */,
			);
			buildRules = (
			);
			dependencies = (
			);
			name = Tipz;
			productName = Tipz;
			productReference = 4B7CFFF81D89E03100D81553 /* Tipz.app */;
			productType = "com.apple.product-type.application";
		};
/* End PBXNativeTarget section */

/* Begin PBXProject section */
		4B7CFFF01D89E03100D81553 /* Project object */ = {
			isa = PBXProject;
			attributes = {
				LastSwiftUpdateCheck = 0800;
				LastUpgradeCheck = 0800;
				ORGANIZATIONNAME = "Edmund Korley";
				TargetAttributes = {
					4B7C000B1D89E03200D81553 = {
						CreatedOnToolsVersion = 8.0;
						ProvisioningStyle = Automatic;
						TestTargetID = 4B7CFFF71D89E03100D81553;
					};
					4B7C00161D89E03200D81553 = {
						CreatedOnToolsVersion = 8.0;
						ProvisioningStyle = Automatic;
						TestTargetID = 4B7CFFF71D89E03100D81553;
					};
					4B7CFFF71D89E03100D81553 = {
						CreatedOnToolsVersion = 8.0;
						ProvisioningStyle = Automatic;
					};
				};
			};
			buildConfigurationList = 4B7CFFF31D89E03100D81553 /* Build configuration list for PBXProject "Tipz" */;
			compatibilityVersion = "Xcode 3.2";
			developmentRegion = English;
			hasScannedForEncodings = 0;
			knownRegions = (
				en,
				Base,
			);
			mainGroup = 4B7CFFEF1D89E03100D81553;
			productRefGroup = 4B7CFFF91D89E03100D81553 /* Products */;
			projectDirPath = "";
			projectRoot = "";
			targets = (
				4B7CFFF71D89E03100D81553 /* Tipz */,
				4B7C000B1D89E03200D81553 /* TipzTests */,
				4B7C00161D89E03200D81553 /* TipzUITests */,
			);
		};
/* End PBXProject section */

/* Begin PBXResourcesBuildPhase section */
		4B7C000A1D89E03200D81553 /* Resources */ = {
			isa = PBXResourcesBuildPhase;
			buildActionMask = 2147483647;
			files = (
			);
			runOnlyForDeploymentPostprocessing = 0;
		};
		4B7C00151D89E03200D81553 /* Resources */ = {
			isa = PBXResourcesBuildPhase;
			buildActionMask = 2147483647;
			files = (
			);
			runOnlyForDeploymentPostprocessing = 0;
		};
		4B7CFFF61D89E03100D81553 /* Resources */ = {
			isa = PBXResourcesBuildPhase;
			buildActionMask = 2147483647;
			files = (
				4B7C00061D89E03200D81553 /* LaunchScreen.storyboard in Resources */,
				4B7C00031D89E03200D81553 /* Assets.xcassets in Resources */,
				4B7C00011D89E03200D81553 /* Main.storyboard in Resources */,
			);
			runOnlyForDeploymentPostprocessing = 0;
		};
/* End PBXResourcesBuildPhase section */

/* Begin PBXSourcesBuildPhase section */
		4B7C00081D89E03200D81553 /* Sources */ = {
			isa = PBXSourcesBuildPhase;
			buildActionMask = 2147483647;
			files = (
				4B7C00111D89E03200D81553 /* TipzTests.swift in Sources */,
			);
			runOnlyForDeploymentPostprocessing = 0;
		};
		4B7C00131D89E03200D81553 /* Sources */ = {
			isa = PBXSourcesBuildPhase;
			buildActionMask = 2147483647;
			files = (
				4B7C001C1D89E03200D81553 /* TipzUITests.swift in Sources */,
			);
			runOnlyForDeploymentPostprocessing = 0;
		};
		4B7CFFF41D89E03100D81553 /* Sources */ = {
			isa = PBXSourcesBuildPhase;
			buildActionMask = 2147483647;
			files = (
				4B7CFFFE1D89E03100D81553 /* ViewController.swift in Sources */,
				4B7CFFFC1D89E03100D81553 /* AppDelegate.swift in Sources */,
				4B11EB2D1D8F7D7E00B74199 /* SettingsViewController.swift in Sources */,
				4B2C330A1D903C240024D7AB /* CalculatorModel.swift in Sources */,
			);
			runOnlyForDeploymentPostprocessing = 0;
		};
/* End PBXSourcesBuildPhase section */

/* Begin PBXTargetDependency section */
		4B7C000E1D89E03200D81553 /* PBXTargetDependency */ = {
			isa = PBXTargetDependency;
			target = 4B7CFFF71D89E03100D81553 /* Tipz */;
			targetProxy = 4B7C000D1D89E03200D81553 /* PBXContainerItemProxy */;
		};
		4B7C00191D89E03200D81553 /* PBXTargetDependency */ = {
			isa = PBXTargetDependency;
			target = 4B7CFFF71D89E03100D81553 /* Tipz */;
			targetProxy = 4B7C00181D89E03200D81553 /* PBXContainerItemProxy */;
		};
/* End PBXTargetDependency section */

/* Begin PBXVariantGroup section */
		4B7C00041D89E03200D81553 /* LaunchScreen.storyboard */ = {
			isa = PBXVariantGroup;
			children = (
				4B7C00051D89E03200D81553 /* Base */,
			);
			name = LaunchScreen.storyboard;
			sourceTree = "<group>";
		};
		4B7CFFFF1D89E03200D81553 /* Main.storyboard */ = {
			isa = PBXVariantGroup;
			children = (
				4B7C00001D89E03200D81553 /* Base */,
			);
			name = Main.storyboard;
			sourceTree = "<group>";
		};
/* End PBXVariantGroup section */

/* Begin XCBuildConfiguration section */
		4B7C001E1D89E03200D81553 /* Debug */ = {
			isa = XCBuildConfiguration;
			buildSettings = {
				ALWAYS_SEARCH_USER_PATHS = NO;
				CLANG_ANALYZER_NONNULL = YES;
				CLANG_CXX_LANGUAGE_STANDARD = "gnu++0x";
				CLANG_CXX_LIBRARY = "libc++";
				CLANG_ENABLE_MODULES = YES;
				CLANG_ENABLE_OBJC_ARC = YES;
				CLANG_WARN_BOOL_CONVERSION = YES;
				CLANG_WARN_CONSTANT_CONVERSION = YES;
				CLANG_WARN_DIRECT_OBJC_ISA_USAGE = YES_ERROR;
				CLANG_WARN_DOCUMENTATION_COMMENTS = YES;
				CLANG_WARN_EMPTY_BODY = YES;
				CLANG_WARN_ENUM_CONVERSION = YES;
				CLANG_WARN_INFINITE_RECURSION = YES;
				CLANG_WARN_INT_CONVERSION = YES;
				CLANG_WARN_OBJC_ROOT_CLASS = YES_ERROR;
				CLANG_WARN_SUSPICIOUS_MOVES = YES;
				CLANG_WARN_UNREACHABLE_CODE = YES;
				CLANG_WARN__DUPLICATE_METHOD_MATCH = YES;
				"CODE_SIGN_IDENTITY[sdk=iphoneos*]" = "iPhone Developer";
				COPY_PHASE_STRIP = NO;
				DEBUG_INFORMATION_FORMAT = dwarf;
				ENABLE_STRICT_OBJC_MSGSEND = YES;
				ENABLE_TESTABILITY = YES;
				GCC_C_LANGUAGE_STANDARD = gnu99;
				GCC_DYNAMIC_NO_PIC = NO;
				GCC_NO_COMMON_BLOCKS = YES;
				GCC_OPTIMIZATION_LEVEL = 0;
				GCC_PREPROCESSOR_DEFINITIONS = (
					"DEBUG=1",
					"$(inherited)",
				);
				GCC_WARN_64_TO_32_BIT_CONVERSION = YES;
				GCC_WARN_ABOUT_RETURN_TYPE = YES_ERROR;
				GCC_WARN_UNDECLARED_SELECTOR = YES;
				GCC_WARN_UNINITIALIZED_AUTOS = YES_AGGRESSIVE;
				GCC_WARN_UNUSED_FUNCTION = YES;
				GCC_WARN_UNUSED_VARIABLE = YES;
				IPHONEOS_DEPLOYMENT_TARGET = 10.0;
				MTL_ENABLE_DEBUG_INFO = YES;
				ONLY_ACTIVE_ARCH = YES;
				SDKROOT = iphoneos;
				SWIFT_ACTIVE_COMPILATION_CONDITIONS = DEBUG;
				SWIFT_OPTIMIZATION_LEVEL = "-Onone";
				TARGETED_DEVICE_FAMILY = "1,2";
			};
			name = Debug;
		};
		4B7C001F1D89E03200D81553 /* Release */ = {
			isa = XCBuildConfiguration;
			buildSettings = {
				ALWAYS_SEARCH_USER_PATHS = NO;
				CLANG_ANALYZER_NONNULL = YES;
				CLANG_CXX_LANGUAGE_STANDARD = "gnu++0x";
				CLANG_CXX_LIBRARY = "libc++";
				CLANG_ENABLE_MODULES = YES;
				CLANG_ENABLE_OBJC_ARC = YES;
				CLANG_WARN_BOOL_CONVERSION = YES;
				CLANG_WARN_CONSTANT_CONVERSION = YES;
				CLANG_WARN_DIRECT_OBJC_ISA_USAGE = YES_ERROR;
				CLANG_WARN_DOCUMENTATION_COMMENTS = YES;
				CLANG_WARN_EMPTY_BODY = YES;
				CLANG_WARN_ENUM_CONVERSION = YES;
				CLANG_WARN_INFINITE_RECURSION = YES;
				CLANG_WARN_INT_CONVERSION = YES;
				CLANG_WARN_OBJC_ROOT_CLASS = YES_ERROR;
				CLANG_WARN_SUSPICIOUS_MOVES = YES;
				CLANG_WARN_UNREACHABLE_CODE = YES;
				CLANG_WARN__DUPLICATE_METHOD_MATCH = YES;
				"CODE_SIGN_IDENTITY[sdk=iphoneos*]" = "iPhone Developer";
				COPY_PHASE_STRIP = NO;
				DEBUG_INFORMATION_FORMAT = "dwarf-with-dsym";
				ENABLE_NS_ASSERTIONS = NO;
				ENABLE_STRICT_OBJC_MSGSEND = YES;
				GCC_C_LANGUAGE_STANDARD = gnu99;
				GCC_NO_COMMON_BLOCKS = YES;
				GCC_WARN_64_TO_32_BIT_CONVERSION = YES;
				GCC_WARN_ABOUT_RETURN_TYPE = YES_ERROR;
				GCC_WARN_UNDECLARED_SELECTOR = YES;
				GCC_WARN_UNINITIALIZED_AUTOS = YES_AGGRESSIVE;
				GCC_WARN_UNUSED_FUNCTION = YES;
				GCC_WARN_UNUSED_VARIABLE = YES;
				IPHONEOS_DEPLOYMENT_TARGET = 10.0;
				MTL_ENABLE_DEBUG_INFO = NO;
				SDKROOT = iphoneos;
				SWIFT_OPTIMIZATION_LEVEL = "-Owholemodule";
				TARGETED_DEVICE_FAMILY = "1,2";
				VALIDATE_PRODUCT = YES;
			};
			name = Release;
		};
		4B7C00211D89E03200D81553 /* Debug */ = {
			isa = XCBuildConfiguration;
			buildSettings = {
				ASSETCATALOG_COMPILER_APPICON_NAME = AppIcon;
				INFOPLIST_FILE = Tipz/Info.plist;
				LD_RUNPATH_SEARCH_PATHS = "$(inherited) @executable_path/Frameworks";
				PRODUCT_BUNDLE_IDENTIFIER = com.edmundkorley.Tipz;
				PRODUCT_NAME = "$(TARGET_NAME)";
				SWIFT_VERSION = 3.0;
			};
			name = Debug;
		};
		4B7C00221D89E03200D81553 /* Release */ = {
			isa = XCBuildConfiguration;
			buildSettings = {
				ASSETCATALOG_COMPILER_APPICON_NAME = AppIcon;
				INFOPLIST_FILE = Tipz/Info.plist;
				LD_RUNPATH_SEARCH_PATHS = "$(inherited) @executable_path/Frameworks";
				PRODUCT_BUNDLE_IDENTIFIER = com.edmundkorley.Tipz;
				PRODUCT_NAME = "$(TARGET_NAME)";
				SWIFT_VERSION = 3.0;
			};
			name = Release;
		};
		4B7C00241D89E03200D81553 /* Debug */ = {
			isa = XCBuildConfiguration;
			buildSettings = {
				ALWAYS_EMBED_SWIFT_STANDARD_LIBRARIES = YES;
				BUNDLE_LOADER = "$(TEST_HOST)";
				INFOPLIST_FILE = TipzTests/Info.plist;
				LD_RUNPATH_SEARCH_PATHS = "$(inherited) @executable_path/Frameworks @loader_path/Frameworks";
				PRODUCT_BUNDLE_IDENTIFIER = com.edmundkorley.TipzTests;
				PRODUCT_NAME = "$(TARGET_NAME)";
				SWIFT_VERSION = 3.0;
				TEST_HOST = "$(BUILT_PRODUCTS_DIR)/Tipz.app/Tipz";
			};
			name = Debug;
		};
		4B7C00251D89E03200D81553 /* Release */ = {
			isa = XCBuildConfiguration;
			buildSettings = {
				ALWAYS_EMBED_SWIFT_STANDARD_LIBRARIES = YES;
				BUNDLE_LOADER = "$(TEST_HOST)";
				INFOPLIST_FILE = TipzTests/Info.plist;
				LD_RUNPATH_SEARCH_PATHS = "$(inherited) @executable_path/Frameworks @loader_path/Frameworks";
				PRODUCT_BUNDLE_IDENTIFIER = com.edmundkorley.TipzTests;
				PRODUCT_NAME = "$(TARGET_NAME)";
				SWIFT_VERSION = 3.0;
				TEST_HOST = "$(BUILT_PRODUCTS_DIR)/Tipz.app/Tipz";
			};
			name = Release;
		};
		4B7C00271D89E03200D81553 /* Debug */ = {
			isa = XCBuildConfiguration;
			buildSettings = {
				ALWAYS_EMBED_SWIFT_STANDARD_LIBRARIES = YES;
				INFOPLIST_FILE = TipzUITests/Info.plist;
				LD_RUNPATH_SEARCH_PATHS = "$(inherited) @executable_path/Frameworks @loader_path/Frameworks";
				PRODUCT_BUNDLE_IDENTIFIER = com.edmundkorley.TipzUITests;
				PRODUCT_NAME = "$(TARGET_NAME)";
				SWIFT_VERSION = 3.0;
				TEST_TARGET_NAME = Tipz;
			};
			name = Debug;
		};
		4B7C00281D89E03200D81553 /* Release */ = {
			isa = XCBuildConfiguration;
			buildSettings = {
				ALWAYS_EMBED_SWIFT_STANDARD_LIBRARIES = YES;
				INFOPLIST_FILE = TipzUITests/Info.plist;
				LD_RUNPATH_SEARCH_PATHS = "$(inherited) @executable_path/Frameworks @loader_path/Frameworks";
				PRODUCT_BUNDLE_IDENTIFIER = com.edmundkorley.TipzUITests;
				PRODUCT_NAME = "$(TARGET_NAME)";
				SWIFT_VERSION = 3.0;
				TEST_TARGET_NAME = Tipz;
			};
			name = Release;
		};
/* End XCBuildConfiguration section */

/* Begin XCConfigurationList section */
		4B7C00201D89E03200D81553 /* Build configuration list for PBXNativeTarget "Tipz" */ = {
			isa = XCConfigurationList;
			buildConfigurations = (
				4B7C00211D89E03200D81553 /* Debug */,
				4B7C00221D89E03200D81553 /* Release */,
			);
			defaultConfigurationIsVisible = 0;
			defaultConfigurationName = Release;
		};
		4B7C00231D89E03200D81553 /* Build configuration list for PBXNativeTarget "TipzTests" */ = {
			isa = XCConfigurationList;
			buildConfigurations = (
				4B7C00241D89E03200D81553 /* Debug */,
				4B7C00251D89E03200D81553 /* Release */,
			);
			defaultConfigurationIsVisible = 0;
			defaultConfigurationName = Release;
		};
		4B7C00261D89E03200D81553 /* Build configuration list for PBXNativeTarget "TipzUITests" */ = {
			isa = XCConfigurationList;
			buildConfigurations = (
				4B7C00271D89E03200D81553 /* Debug */,
				4B7C00281D89E03200D81553 /* Release */,
			);
			defaultConfigurationIsVisible = 0;
			defaultConfigurationName = Release;
		};
		4B7CFFF31D89E03100D81553 /* Build configuration list for PBXProject "Tipz" */ = {
			isa = XCConfigurationList;
			buildConfigurations = (
				4B7C001E1D89E03200D81553 /* Debug */,
				4B7C001F1D89E03200D81553 /* Release */,
			);
			defaultConfigurationIsVisible = 0;
			defaultConfigurationName = Release;
		};
/* End XCConfigurationList section */
	};
	rootObject = 4B7CFFF01D89E03100D81553 /* Project object */;
}
